
Microsoft Visual Studio Solution File, Format Version 12.00
# Visual Studio 15
VisualStudioVersion = 15.0.28010.2048
MinimumVisualStudioVersion = 10.0.40219.1
Project("{FAE04EC0-301F-11D3-BF4B-00C04F79EFBC}") = "OAuth2Token", "OAuth2Token\OAuth2Token.csproj", "{00C80187-FA7D-4464-B14A-5FD0399E4738}"
EndProject
Global
	GlobalSection(SolutionConfigurationPlatforms) = preSolution
		Debug|Any CPU = Debug|Any CPU
		Release|Any CPU = Release|Any CPU
	EndGlobalSection
	GlobalSection(ProjectConfigurationPlatforms) = postSolution
		{00C80187-FA7D-4464-B14A-5FD0399E4738}.Debug|Any CPU.ActiveCfg = Debug|Any CPU
		{00C80187-FA7D-4464-B14A-5FD0399E4738}.Debug|Any CPU.Build.0 = Debug|Any CPU
		{00C80187-FA7D-4464-B14A-5FD0399E4738}.Release|Any CPU.ActiveCfg = Release|Any CPU
		{00C80187-FA7D-4464-B14A-5FD0399E4738}.Release|Any CPU.Build.0 = Release|Any CPU
	EndGlobalSection
	GlobalSection(SolutionProperties) = preSolution
		HideSolutionNode = FALSE
	EndGlobalSection
	GlobalSection(ExtensibilityGlobals) = postSolution
		SolutionGuid = {8F910579-CA95-495A-93D2-1975D1B27E6E}
	EndGlobalSection
EndGlobal
